
Microsoft Visual Studio Solution File, Format Version 12.00
# Visual Studio Version 17
VisualStudioVersion = 17.3.32929.385
MinimumVisualStudioVersion = 10.0.40219.1
Project("{FAE04EC0-301F-11D3-BF4B-00C04F79EFBC}") = "Journal122", "Journal122\Journal122.csproj", "{E778960F-8F7D-46C4-A006-9729C117BD20}"
EndProject
Global
	GlobalSection(SolutionConfigurationPlatforms) = preSolution
		Debug|Any CPU = Debug|Any CPU
		Release|Any CPU = Release|Any CPU
	EndGlobalSection
	GlobalSection(ProjectConfigurationPlatforms) = postSolution
		{E778960F-8F7D-46C4-A006-9729C117BD20}.Debug|Any CPU.ActiveCfg = Debug|Any CPU
		{E778960F-8F7D-46C4-A006-9729C117BD20}.Debug|Any CPU.Build.0 = Debug|Any CPU
		{E778960F-8F7D-46C4-A006-9729C117BD20}.Release|Any CPU.ActiveCfg = Release|Any CPU
		{E778960F-8F7D-46C4-A006-9729C117BD20}.Release|Any CPU.Build.0 = Release|Any CPU
	EndGlobalSection
	GlobalSection(SolutionProperties) = preSolution
		HideSolutionNode = FALSE
	EndGlobalSection
	GlobalSection(ExtensibilityGlobals) = postSolution
		SolutionGuid = {531EDF77-6727-4DE8-8194-C321DEA12E16}
	EndGlobalSection
EndGlobal
